
Microsoft Visual Studio Solution File, Format Version 12.00
# Visual Studio Version 17
VisualStudioVersion = 17.5.002.0
MinimumVisualStudioVersion = 10.0.40219.1
Project("{9A19103F-16F7-4668-BE54-9A1E7A4F7556}") = "stringop1", "stringop1.csproj", "{A73F8192-1763-42D3-A4ED-2189E30BC435}"
EndProject
Global
	GlobalSection(SolutionConfigurationPlatforms) = preSolution
		Debug|Any CPU = Debug|Any CPU
		Release|Any CPU = Release|Any CPU
	EndGlobalSection
	GlobalSection(ProjectConfigurationPlatforms) = postSolution
		{A73F8192-1763-42D3-A4ED-2189E30BC435}.Debug|Any CPU.ActiveCfg = Debug|Any CPU
		{A73F8192-1763-42D3-A4ED-2189E30BC435}.Debug|Any CPU.Build.0 = Debug|Any CPU
		{A73F8192-1763-42D3-A4ED-2189E30BC435}.Release|Any CPU.ActiveCfg = Release|Any CPU
		{A73F8192-1763-42D3-A4ED-2189E30BC435}.Release|Any CPU.Build.0 = Release|Any CPU
	EndGlobalSection
	GlobalSection(SolutionProperties) = preSolution
		HideSolutionNode = FALSE
	EndGlobalSection
	GlobalSection(ExtensibilityGlobals) = postSolution
		SolutionGuid = {823F8433-BEAC-4054-A289-8303423E83B3}
	EndGlobalSection
EndGlobal
